
Microsoft Visual Studio Solution File, Format Version 12.00
# Visual Studio Version 17
VisualStudioVersion = 17.14.36705.20 d17.14
MinimumVisualStudioVersion = 10.0.40219.1
Project("{FAE04EC0-301F-11D3-BF4B-00C04F79EFBC}") = "LMS.Api", "LMS.Api\LMS.Api.csproj", "{4831D031-F563-4370-BEEB-76CFFFFA7297}"
EndProject
Global
	GlobalSection(SolutionConfigurationPlatforms) = preSolution
		Debug|Any CPU = Debug|Any CPU
		Release|Any CPU = Release|Any CPU
	EndGlobalSection
	GlobalSection(ProjectConfigurationPlatforms) = postSolution
		{4831D031-F563-4370-BEEB-76CFFFFA7297}.Debug|Any CPU.ActiveCfg = Debug|Any CPU
		{4831D031-F563-4370-BEEB-76CFFFFA7297}.Debug|Any CPU.Build.0 = Debug|Any CPU
		{4831D031-F563-4370-BEEB-76CFFFFA7297}.Release|Any CPU.ActiveCfg = Release|Any CPU
		{4831D031-F563-4370-BEEB-76CFFFFA7297}.Release|Any CPU.Build.0 = Release|Any CPU
	EndGlobalSection
	GlobalSection(SolutionProperties) = preSolution
		HideSolutionNode = FALSE
	EndGlobalSection
	GlobalSection(ExtensibilityGlobals) = postSolution
		SolutionGuid = {1B7A6544-DE56-4C98-A145-553DE60A1371}
	EndGlobalSection
EndGlobal
